
Microsoft Visual Studio Solution File, Format Version 12.00
# Visual Studio Version 17
VisualStudioVersion = 17.11.35312.102
MinimumVisualStudioVersion = 10.0.40219.1
Project("{9A19103F-16F7-4668-BE54-9A1E7A4F7556}") = "Slick", "Slick.csproj", "{31ABD8AD-38DA-45F5-9688-4672AB2BB1EA}"
EndProject
Global
	GlobalSection(SolutionConfigurationPlatforms) = preSolution
		Debug|Any CPU = Debug|Any CPU
		Release|Any CPU = Release|Any CPU
	EndGlobalSection
	GlobalSection(ProjectConfigurationPlatforms) = postSolution
		{31ABD8AD-38DA-45F5-9688-4672AB2BB1EA}.Debug|Any CPU.ActiveCfg = Debug|Any CPU
		{31ABD8AD-38DA-45F5-9688-4672AB2BB1EA}.Debug|Any CPU.Build.0 = Debug|Any CPU
		{31ABD8AD-38DA-45F5-9688-4672AB2BB1EA}.Release|Any CPU.ActiveCfg = Release|Any CPU
		{31ABD8AD-38DA-45F5-9688-4672AB2BB1EA}.Release|Any CPU.Build.0 = Release|Any CPU
	EndGlobalSection
	GlobalSection(SolutionProperties) = preSolution
		HideSolutionNode = FALSE
	EndGlobalSection
	GlobalSection(ExtensibilityGlobals) = postSolution
		SolutionGuid = {0672A123-9E08-4026-BE09-861155EAF828}
	EndGlobalSection
EndGlobal
